
Microsoft Visual Studio Solution File, Format Version 12.00
# Visual Studio Version 17
VisualStudioVersion = 17.13.35931.197
MinimumVisualStudioVersion = 10.0.40219.1
Project("{FAE04EC0-301F-11D3-BF4B-00C04F79EFBC}") = "MagicVilla_VillaAPI", "MagicVilla_VillaAPI\MagicVilla_VillaAPI.csproj", "{527B5F64-F276-4219-8158-EF4F7FEC7DC6}"
EndProject
Project("{FAE04EC0-301F-11D3-BF4B-00C04F79EFBC}") = "MagicVilla_Web", "MagicVilla_Web\MagicVilla_Web.csproj", "{3A988138-74A6-434E-8CA6-B33C8B692875}"
EndProject
Global
	GlobalSection(SolutionConfigurationPlatforms) = preSolution
		Debug|Any CPU = Debug|Any CPU
		Release|Any CPU = Release|Any CPU
	EndGlobalSection
	GlobalSection(ProjectConfigurationPlatforms) = postSolution
		{527B5F64-F276-4219-8158-EF4F7FEC7DC6}.Debug|Any CPU.ActiveCfg = Debug|Any CPU
		{527B5F64-F276-4219-8158-EF4F7FEC7DC6}.Debug|Any CPU.Build.0 = Debug|Any CPU
		{527B5F64-F276-4219-8158-EF4F7FEC7DC6}.Release|Any CPU.ActiveCfg = Release|Any CPU
		{527B5F64-F276-4219-8158-EF4F7FEC7DC6}.Release|Any CPU.Build.0 = Release|Any CPU
		{3A988138-74A6-434E-8CA6-B33C8B692875}.Debug|Any CPU.ActiveCfg = Debug|Any CPU
		{3A988138-74A6-434E-8CA6-B33C8B692875}.Debug|Any CPU.Build.0 = Debug|Any CPU
		{3A988138-74A6-434E-8CA6-B33C8B692875}.Release|Any CPU.ActiveCfg = Release|Any CPU
		{3A988138-74A6-434E-8CA6-B33C8B692875}.Release|Any CPU.Build.0 = Release|Any CPU
	EndGlobalSection
	GlobalSection(SolutionProperties) = preSolution
		HideSolutionNode = FALSE
	EndGlobalSection
	GlobalSection(ExtensibilityGlobals) = postSolution
		SolutionGuid = {D457D81C-14DF-4A17-A456-006A07AAF654}
	EndGlobalSection
EndGlobal
